
Microsoft Visual Studio Solution File, Format Version 12.00
# Visual Studio Version 17
VisualStudioVersion = 17.7.34031.279
MinimumVisualStudioVersion = 10.0.40219.1
Project("{FAE04EC0-301F-11D3-BF4B-00C04F79EFBC}") = "DeclarationDeVol", "DeclarationDeVol\DeclarationDeVol.csproj", "{9E224795-7CEF-4A53-9204-DE23CC2EE9EB}"
EndProject
Global
	GlobalSection(SolutionConfigurationPlatforms) = preSolution
		Debug|Any CPU = Debug|Any CPU
		Release|Any CPU = Release|Any CPU
	EndGlobalSection
	GlobalSection(ProjectConfigurationPlatforms) = postSolution
		{9E224795-7CEF-4A53-9204-DE23CC2EE9EB}.Debug|Any CPU.ActiveCfg = Debug|Any CPU
		{9E224795-7CEF-4A53-9204-DE23CC2EE9EB}.Debug|Any CPU.Build.0 = Debug|Any CPU
		{9E224795-7CEF-4A53-9204-DE23CC2EE9EB}.Release|Any CPU.ActiveCfg = Release|Any CPU
		{9E224795-7CEF-4A53-9204-DE23CC2EE9EB}.Release|Any CPU.Build.0 = Release|Any CPU
	EndGlobalSection
	GlobalSection(SolutionProperties) = preSolution
		HideSolutionNode = FALSE
	EndGlobalSection
	GlobalSection(ExtensibilityGlobals) = postSolution
		SolutionGuid = {6A471EF8-AD25-4E44-8DE7-353A2CEC3116}
	EndGlobalSection
EndGlobal
